
Microsoft Visual Studio Solution File, Format Version 12.00
# Visual Studio 2013
VisualStudioVersion = 12.0.31101.0
MinimumVisualStudioVersion = 10.0.40219.1
Project("{FAE04EC0-301F-11D3-BF4B-00C04F79EFBC}") = "01-ClassSize", "1-ClassSize\01-ClassSize.csproj", "{AC9D9489-B663-49EE-A5E5-73A823BCECE5}"
EndProject
Project("{FAE04EC0-301F-11D3-BF4B-00C04F79EFBC}") = "02-PrintStatistics", "2-PrintStatistics\02-PrintStatistics.csproj", "{DEEA52D9-FFD7-474C-8315-065B6A9F62B9}"
EndProject
Global
	GlobalSection(SolutionConfigurationPlatforms) = preSolution
		Debug|Any CPU = Debug|Any CPU
		Release|Any CPU = Release|Any CPU
	EndGlobalSection
	GlobalSection(ProjectConfigurationPlatforms) = postSolution
		{AC9D9489-B663-49EE-A5E5-73A823BCECE5}.Debug|Any CPU.ActiveCfg = Debug|Any CPU
		{AC9D9489-B663-49EE-A5E5-73A823BCECE5}.Debug|Any CPU.Build.0 = Debug|Any CPU
		{AC9D9489-B663-49EE-A5E5-73A823BCECE5}.Release|Any CPU.ActiveCfg = Release|Any CPU
		{AC9D9489-B663-49EE-A5E5-73A823BCECE5}.Release|Any CPU.Build.0 = Release|Any CPU
		{DEEA52D9-FFD7-474C-8315-065B6A9F62B9}.Debug|Any CPU.ActiveCfg = Debug|Any CPU
		{DEEA52D9-FFD7-474C-8315-065B6A9F62B9}.Debug|Any CPU.Build.0 = Debug|Any CPU
		{DEEA52D9-FFD7-474C-8315-065B6A9F62B9}.Release|Any CPU.ActiveCfg = Release|Any CPU
		{DEEA52D9-FFD7-474C-8315-065B6A9F62B9}.Release|Any CPU.Build.0 = Release|Any CPU
	EndGlobalSection
	GlobalSection(SolutionProperties) = preSolution
		HideSolutionNode = FALSE
	EndGlobalSection
EndGlobal
