
Microsoft Visual Studio Solution File, Format Version 12.00
# Visual Studio Express 2013 for Windows Desktop
VisualStudioVersion = 12.0.31101.0
MinimumVisualStudioVersion = 10.0.40219.1
Project("{FAE04EC0-301F-11D3-BF4B-00C04F79EFBC}") = "01-Leap year", "01-Leap year\01-Leap year.csproj", "{DAF9868D-697D-46C9-BD69-B326BADEC230}"
EndProject
Project("{FAE04EC0-301F-11D3-BF4B-00C04F79EFBC}") = "02-Random numbers", "02-Random numbers\02-Random numbers.csproj", "{0A6A0371-B8BA-49B5-8D82-7C4B63967386}"
EndProject
Project("{FAE04EC0-301F-11D3-BF4B-00C04F79EFBC}") = "03-Day of week", "03-Day of week\03-Day of week.csproj", "{FE09EA42-5A6B-439D-A64F-9E779DB5CFCA}"
EndProject
Project("{FAE04EC0-301F-11D3-BF4B-00C04F79EFBC}") = "04-Triangle surface", "04-Triangle surface\04-Triangle surface.csproj", "{57B4C383-C44D-4B11-89E2-EA71635105C2}"
EndProject
Project("{FAE04EC0-301F-11D3-BF4B-00C04F79EFBC}") = "ConsoleApplication1", "ConsoleApplication1\ConsoleApplication1.csproj", "{9DC77902-5303-4CF1-8702-DBC1227A6D64}"
EndProject
Project("{FAE04EC0-301F-11D3-BF4B-00C04F79EFBC}") = "05-Workdays", "05-Workdays\05-Workdays.csproj", "{F35D7722-2445-4EC0-B796-9AAD724A607B}"
EndProject
Project("{FAE04EC0-301F-11D3-BF4B-00C04F79EFBC}") = "06-Sum integers", "06-Sum integers\06-Sum integers.csproj", "{52549781-649A-496A-9053-434B0A7F0EF2}"
EndProject
Project("{FAE04EC0-301F-11D3-BF4B-00C04F79EFBC}") = "07-ArithmeticalExpressions", "07-ArithmeticalExpressions\07-ArithmeticalExpressions.csproj", "{2238FD8A-C6E7-4B49-BFCF-B9A1340EFC66}"
EndProject
Global
	GlobalSection(SolutionConfigurationPlatforms) = preSolution
		Debug|Any CPU = Debug|Any CPU
		Release|Any CPU = Release|Any CPU
	EndGlobalSection
	GlobalSection(ProjectConfigurationPlatforms) = postSolution
		{DAF9868D-697D-46C9-BD69-B326BADEC230}.Debug|Any CPU.ActiveCfg = Debug|Any CPU
		{DAF9868D-697D-46C9-BD69-B326BADEC230}.Debug|Any CPU.Build.0 = Debug|Any CPU
		{DAF9868D-697D-46C9-BD69-B326BADEC230}.Release|Any CPU.ActiveCfg = Release|Any CPU
		{DAF9868D-697D-46C9-BD69-B326BADEC230}.Release|Any CPU.Build.0 = Release|Any CPU
		{0A6A0371-B8BA-49B5-8D82-7C4B63967386}.Debug|Any CPU.ActiveCfg = Debug|Any CPU
		{0A6A0371-B8BA-49B5-8D82-7C4B63967386}.Debug|Any CPU.Build.0 = Debug|Any CPU
		{0A6A0371-B8BA-49B5-8D82-7C4B63967386}.Release|Any CPU.ActiveCfg = Release|Any CPU
		{0A6A0371-B8BA-49B5-8D82-7C4B63967386}.Release|Any CPU.Build.0 = Release|Any CPU
		{FE09EA42-5A6B-439D-A64F-9E779DB5CFCA}.Debug|Any CPU.ActiveCfg = Debug|Any CPU
		{FE09EA42-5A6B-439D-A64F-9E779DB5CFCA}.Debug|Any CPU.Build.0 = Debug|Any CPU
		{FE09EA42-5A6B-439D-A64F-9E779DB5CFCA}.Release|Any CPU.ActiveCfg = Release|Any CPU
		{FE09EA42-5A6B-439D-A64F-9E779DB5CFCA}.Release|Any CPU.Build.0 = Release|Any CPU
		{57B4C383-C44D-4B11-89E2-EA71635105C2}.Debug|Any CPU.ActiveCfg = Debug|Any CPU
		{57B4C383-C44D-4B11-89E2-EA71635105C2}.Debug|Any CPU.Build.0 = Debug|Any CPU
		{57B4C383-C44D-4B11-89E2-EA71635105C2}.Release|Any CPU.ActiveCfg = Release|Any CPU
		{57B4C383-C44D-4B11-89E2-EA71635105C2}.Release|Any CPU.Build.0 = Release|Any CPU
		{9DC77902-5303-4CF1-8702-DBC1227A6D64}.Debug|Any CPU.ActiveCfg = Debug|Any CPU
		{9DC77902-5303-4CF1-8702-DBC1227A6D64}.Debug|Any CPU.Build.0 = Debug|Any CPU
		{9DC77902-5303-4CF1-8702-DBC1227A6D64}.Release|Any CPU.ActiveCfg = Release|Any CPU
		{9DC77902-5303-4CF1-8702-DBC1227A6D64}.Release|Any CPU.Build.0 = Release|Any CPU
		{F35D7722-2445-4EC0-B796-9AAD724A607B}.Debug|Any CPU.ActiveCfg = Debug|Any CPU
		{F35D7722-2445-4EC0-B796-9AAD724A607B}.Debug|Any CPU.Build.0 = Debug|Any CPU
		{F35D7722-2445-4EC0-B796-9AAD724A607B}.Release|Any CPU.ActiveCfg = Release|Any CPU
		{F35D7722-2445-4EC0-B796-9AAD724A607B}.Release|Any CPU.Build.0 = Release|Any CPU
		{52549781-649A-496A-9053-434B0A7F0EF2}.Debug|Any CPU.ActiveCfg = Debug|Any CPU
		{52549781-649A-496A-9053-434B0A7F0EF2}.Debug|Any CPU.Build.0 = Debug|Any CPU
		{52549781-649A-496A-9053-434B0A7F0EF2}.Release|Any CPU.ActiveCfg = Release|Any CPU
		{52549781-649A-496A-9053-434B0A7F0EF2}.Release|Any CPU.Build.0 = Release|Any CPU
		{2238FD8A-C6E7-4B49-BFCF-B9A1340EFC66}.Debug|Any CPU.ActiveCfg = Debug|Any CPU
		{2238FD8A-C6E7-4B49-BFCF-B9A1340EFC66}.Debug|Any CPU.Build.0 = Debug|Any CPU
		{2238FD8A-C6E7-4B49-BFCF-B9A1340EFC66}.Release|Any CPU.ActiveCfg = Release|Any CPU
		{2238FD8A-C6E7-4B49-BFCF-B9A1340EFC66}.Release|Any CPU.Build.0 = Release|Any CPU
	EndGlobalSection
	GlobalSection(SolutionProperties) = preSolution
		HideSolutionNode = FALSE
	EndGlobalSection
EndGlobal
