
Microsoft Visual Studio Solution File, Format Version 12.00
# Visual Studio 2013
VisualStudioVersion = 12.0.31101.0
MinimumVisualStudioVersion = 10.0.40219.1
Project("{FAE04EC0-301F-11D3-BF4B-00C04F79EFBC}") = "1-VariablePrinter", "1-VariablePrinter\1-VariablePrinter.csproj", "{8B99B29C-0BAD-4809-AB57-72D7FF25403A}"
EndProject
Project("{FAE04EC0-301F-11D3-BF4B-00C04F79EFBC}") = "2-Person", "2-Person\2-Person.csproj", "{6755D689-A9BA-49A9-9B3C-F8FFFE010BB5}"
EndProject
Project("{FAE04EC0-301F-11D3-BF4B-00C04F79EFBC}") = "3-JS_Script", "3-JScript\3-JS_Script.csproj", "{97E4F316-7536-41BD-9D16-F638776D03B5}"
EndProject
Project("{FAE04EC0-301F-11D3-BF4B-00C04F79EFBC}") = "4-MineSweeper", "4-MineSweeper\4-MineSweeper.csproj", "{7E33F78E-CC24-4E79-B647-31A79986FD34}"
EndProject
Global
	GlobalSection(SolutionConfigurationPlatforms) = preSolution
		Debug|Any CPU = Debug|Any CPU
		Release|Any CPU = Release|Any CPU
	EndGlobalSection
	GlobalSection(ProjectConfigurationPlatforms) = postSolution
		{8B99B29C-0BAD-4809-AB57-72D7FF25403A}.Debug|Any CPU.ActiveCfg = Debug|Any CPU
		{8B99B29C-0BAD-4809-AB57-72D7FF25403A}.Debug|Any CPU.Build.0 = Debug|Any CPU
		{8B99B29C-0BAD-4809-AB57-72D7FF25403A}.Release|Any CPU.ActiveCfg = Release|Any CPU
		{8B99B29C-0BAD-4809-AB57-72D7FF25403A}.Release|Any CPU.Build.0 = Release|Any CPU
		{6755D689-A9BA-49A9-9B3C-F8FFFE010BB5}.Debug|Any CPU.ActiveCfg = Debug|Any CPU
		{6755D689-A9BA-49A9-9B3C-F8FFFE010BB5}.Debug|Any CPU.Build.0 = Debug|Any CPU
		{6755D689-A9BA-49A9-9B3C-F8FFFE010BB5}.Release|Any CPU.ActiveCfg = Release|Any CPU
		{6755D689-A9BA-49A9-9B3C-F8FFFE010BB5}.Release|Any CPU.Build.0 = Release|Any CPU
		{97E4F316-7536-41BD-9D16-F638776D03B5}.Debug|Any CPU.ActiveCfg = Debug|Any CPU
		{97E4F316-7536-41BD-9D16-F638776D03B5}.Debug|Any CPU.Build.0 = Debug|Any CPU
		{97E4F316-7536-41BD-9D16-F638776D03B5}.Release|Any CPU.ActiveCfg = Release|Any CPU
		{97E4F316-7536-41BD-9D16-F638776D03B5}.Release|Any CPU.Build.0 = Release|Any CPU
		{7E33F78E-CC24-4E79-B647-31A79986FD34}.Debug|Any CPU.ActiveCfg = Debug|Any CPU
		{7E33F78E-CC24-4E79-B647-31A79986FD34}.Debug|Any CPU.Build.0 = Debug|Any CPU
		{7E33F78E-CC24-4E79-B647-31A79986FD34}.Release|Any CPU.ActiveCfg = Release|Any CPU
		{7E33F78E-CC24-4E79-B647-31A79986FD34}.Release|Any CPU.Build.0 = Release|Any CPU
	EndGlobalSection
	GlobalSection(SolutionProperties) = preSolution
		HideSolutionNode = FALSE
	EndGlobalSection
EndGlobal
